
Microsoft Visual Studio Solution File, Format Version 12.00
# Visual Studio Version 17
VisualStudioVersion = 17.5.33530.505
MinimumVisualStudioVersion = 10.0.40219.1
Project("{FAE04EC0-301F-11D3-BF4B-00C04F79EFBC}") = "Number Analyzer lab", "Number Analyzer lab\Number Analyzer lab.csproj", "{32059171-910D-4B81-A857-CDDD59B02F08}"
EndProject
Global
	GlobalSection(SolutionConfigurationPlatforms) = preSolution
		Debug|Any CPU = Debug|Any CPU
		Release|Any CPU = Release|Any CPU
	EndGlobalSection
	GlobalSection(ProjectConfigurationPlatforms) = postSolution
		{32059171-910D-4B81-A857-CDDD59B02F08}.Debug|Any CPU.ActiveCfg = Debug|Any CPU
		{32059171-910D-4B81-A857-CDDD59B02F08}.Debug|Any CPU.Build.0 = Debug|Any CPU
		{32059171-910D-4B81-A857-CDDD59B02F08}.Release|Any CPU.ActiveCfg = Release|Any CPU
		{32059171-910D-4B81-A857-CDDD59B02F08}.Release|Any CPU.Build.0 = Release|Any CPU
	EndGlobalSection
	GlobalSection(SolutionProperties) = preSolution
		HideSolutionNode = FALSE
	EndGlobalSection
	GlobalSection(ExtensibilityGlobals) = postSolution
		SolutionGuid = {572F4AC2-4A84-47E3-83FE-45D3CC281DB0}
	EndGlobalSection
EndGlobal
